
Microsoft Visual Studio Solution File, Format Version 12.00
# Visual Studio Version 16
VisualStudioVersion = 16.0.29905.134
MinimumVisualStudioVersion = 10.0.40219.1
Project("{FAE04EC0-301F-11D3-BF4B-00C04F79EFBC}") = "product-and-receipt", "product-and-receipt.csproj", "{F47B5A0E-CE2D-4DD1-9981-CC095B40EB86}"
EndProject
Global
	GlobalSection(SolutionConfigurationPlatforms) = preSolution
		Debug|Any CPU = Debug|Any CPU
		Release|Any CPU = Release|Any CPU
	EndGlobalSection
	GlobalSection(ProjectConfigurationPlatforms) = postSolution
		{F47B5A0E-CE2D-4DD1-9981-CC095B40EB86}.Debug|Any CPU.ActiveCfg = Debug|Any CPU
		{F47B5A0E-CE2D-4DD1-9981-CC095B40EB86}.Debug|Any CPU.Build.0 = Debug|Any CPU
		{F47B5A0E-CE2D-4DD1-9981-CC095B40EB86}.Release|Any CPU.ActiveCfg = Release|Any CPU
		{F47B5A0E-CE2D-4DD1-9981-CC095B40EB86}.Release|Any CPU.Build.0 = Release|Any CPU
	EndGlobalSection
	GlobalSection(SolutionProperties) = preSolution
		HideSolutionNode = FALSE
	EndGlobalSection
	GlobalSection(ExtensibilityGlobals) = postSolution
		SolutionGuid = {90323D12-5B26-445D-8F21-25EE50D789A3}
	EndGlobalSection
EndGlobal
